dependencies:
- name: agents-chart
  repository: file://../kspm-jobs/agents-chart
  version: 0.1.0
- name: kubearmor-operator
  repository: https://kubearmor.github.io/charts
  version: v1.5.7
- name: cis-k8s-job
  repository: file://../kspm-jobs/cis-k8s-job
  version: 0.1.0
- name: k8s-risk-assessment-job
  repository: file://../kspm-jobs/k8s-risk-assessment-job
  version: 0.1.0
- name: kiem-job
  repository: file://../kspm-jobs/kiem-job
  version: 0.1.0
- name: knoxguard-chart
  repository: oci://public.ecr.aws/k9v9d5v2
  version: v0.2.1
- name: kyverno
  repository: https://kyverno.github.io/kyverno/
  version: 3.3.7
digest: sha256:e60d4b92e154e2b779aa309ff1413014bb39194a42d3ef0772355618a26674bf
generated: "2025-08-11T07:39:53.814543739+05:30"
